{
  "lockfileVersion": 1,
  "configVersion": 1,
  "workspaces": {
    "": {
      "name": "zot-cluade-hooks",
      "dependencies": {
        "@crustjs/core": "0.0.19",
      },
    },
  },
  "packages": {
    "@crustjs/core": ["@crustjs/core@0.0.19", "", { "dependencies": { "@crustjs/utils": "0.0.3" }, "peerDependencies": { "typescript": "^6.0.3" } }, "sha512-RV/1TDJ+RZ9DFSbIHXPIyZV7bvJjf9RaElly2BvNGor1HxuEfiu6BdR8SBWzAa+PyvXQk2hkXuSjmaNIE+jbCQ=="],

    "@crustjs/utils": ["@crustjs/utils@0.0.3", "", { "peerDependencies": { "@standard-schema/spec": "^1.1.0", "typescript": "^6.0.3" }, "optionalPeers": ["@standard-schema/spec"] }, "sha512-5J/CeFpUTDX6F8EHc62blJQEQmr+tcH9Ojc26QTkQ08LoGZBT56kxL+XjHzp9m2QAg8T69omjwL25bmB3AWZig=="],

    "typescript": ["typescript@6.0.3", "", { "bin": { "tsc": "bin/tsc", "tsserver": "bin/tsserver" } }, "sha512-y2TvuxSZPDyQakkFRPZHKFm+KKVqIisdg9/CZwm9ftvKXLP8NRWj38/ODjNbr43SsoXqNuAisEf1GdCxqWcdBw=="],
  }
}
